
Microsoft Visual Studio Solution File, Format Version 12.00
# Visual Studio Version 16
VisualStudioVersion = 16.0.30309.148
MinimumVisualStudioVersion = 10.0.40219.1
Project("{FAE04EC0-301F-11D3-BF4B-00C04F79EFBC}") = "GKAS", "GKAS\GKAS.csproj", "{0B09904E-486E-44AF-A787-6BCA64341A94}"
EndProject
Project("{2150E333-8FDC-42A3-9474-1A3956D46DE8}") = "Repository", "Repository", "{E0FB1F36-DBF3-4BC6-A551-E93360005DAB}"
EndProject
Project("{FAE04EC0-301F-11D3-BF4B-00C04F79EFBC}") = "Repository", "Repository\Repository.csproj", "{D66D53D4-51A2-4D91-89B4-D4EE27AB0DF8}"
EndProject
Global
	GlobalSection(SolutionConfigurationPlatforms) = preSolution
		Debug|Any CPU = Debug|Any CPU
		Release|Any CPU = Release|Any CPU
	EndGlobalSection
	GlobalSection(ProjectConfigurationPlatforms) = postSolution
		{0B09904E-486E-44AF-A787-6BCA64341A94}.Debug|Any CPU.ActiveCfg = Debug|Any CPU
		{0B09904E-486E-44AF-A787-6BCA64341A94}.Debug|Any CPU.Build.0 = Debug|Any CPU
		{0B09904E-486E-44AF-A787-6BCA64341A94}.Release|Any CPU.ActiveCfg = Release|Any CPU
		{0B09904E-486E-44AF-A787-6BCA64341A94}.Release|Any CPU.Build.0 = Release|Any CPU
		{D66D53D4-51A2-4D91-89B4-D4EE27AB0DF8}.Debug|Any CPU.ActiveCfg = Debug|Any CPU
		{D66D53D4-51A2-4D91-89B4-D4EE27AB0DF8}.Debug|Any CPU.Build.0 = Debug|Any CPU
		{D66D53D4-51A2-4D91-89B4-D4EE27AB0DF8}.Release|Any CPU.ActiveCfg = Release|Any CPU
		{D66D53D4-51A2-4D91-89B4-D4EE27AB0DF8}.Release|Any CPU.Build.0 = Release|Any CPU
	EndGlobalSection
	GlobalSection(SolutionProperties) = preSolution
		HideSolutionNode = FALSE
	EndGlobalSection
	GlobalSection(NestedProjects) = preSolution
		{D66D53D4-51A2-4D91-89B4-D4EE27AB0DF8} = {E0FB1F36-DBF3-4BC6-A551-E93360005DAB}
	EndGlobalSection
	GlobalSection(ExtensibilityGlobals) = postSolution
		SolutionGuid = {EBC681F8-FA2C-4FFA-9C45-C8FA434A6FDE}
	EndGlobalSection
EndGlobal
